// !$*UTF8*$!
{
	archiveVersion = 1;
	classes = {
	};
	objectVersion = 46;
	objects = {

/* Begin PBXBuildFile section */
		0677638E1D6B3CC7003F615E /* AppDelegate.swift in Sources */ = {isa = PBXBuildFile; fileRef = 0677638D1D6B3CC7003F615E /* AppDelegate.swift */; };
		067763901D6B3CC7003F615E /* ViewController.swift in Sources */ = {isa = PBXBuildFile; fileRef = 0677638F1D6B3CC7003F615E /* ViewController.swift */; };
		067763931D6B3CC7003F615E /* Main.storyboard in Resources */ = {isa = PBXBuildFile; fileRef = 067763911D6B3CC7003F615E /* Main.storyboard */; };
		067763951D6B3CC7003F615E /* Assets.xcassets in Resources */ = {isa = PBXBuildFile; fileRef = 067763941D6B3CC7003F615E /* Assets.xcassets */; };
		067763981D6B3CC7003F615E /* LaunchScreen.storyboard in Resources */ = {isa = PBXBuildFile; fileRef = 067763961D6B3CC7003F615E /* LaunchScreen.storyboard */; };
/* End PBXBuildFile section */

/* Begin PBXFileReference section */
		0677638A1D6B3CC7003F615E /* SLD.app */ = {isa = PBXFileReference; explicitFileType = wrapper.application; includeInIndex = 0; path = SLD.app; sourceTree = BUILT_PRODUCTS_DIR; };
		0677638D1D6B3CC7003F615E /* AppDelegate.swift */ = {isa = PBXFileReference; lastKnownFileType = sourcecode.swift; path = AppDelegate.swift; sourceTree = "<group>"; };
		0677638F1D6B3CC7003F615E /* ViewController.swift */ = {isa = PBXFileReference; lastKnownFileType = sourcecode.swift; path = ViewController.swift; sourceTree = "<group>"; };
		067763921D6B3CC7003F615E /* Base */ = {isa = PBXFileReference; lastKnownFileType = file.storyboard; name = Base; path = Base.lproj/Main.storyboard; sourceTree = "<group>"; };
		067763941D6B3CC7003F615E /* Assets.xcassets */ = {isa = PBXFileReference; lastKnownFileType = folder.assetcatalog; path = Assets.xcassets; sourceTree = "<group>"; };
		067763971D6B3CC7003F615E /* Base */ = {isa = PBXFileReference; lastKnownFileType = file.storyboard; name = Base; path = Base.lproj/LaunchScreen.storyboard; sourceTree = "<group>"; };
		067763991D6B3CC7003F615E /* Info.plist */ = {isa = PBXFileReference; lastKnownFileType = text.plist.xml; path = Info.plist; sourceTree = "<group>"; };
/* End PBXFileReference section */

/* Begin PBXFrameworksBuildPhase section */
		067763871D6B3CC7003F615E /* Frameworks */ = {
			isa = PBXFrameworksBuildPhase;
			buildActionMask = 2147483647;
			files = (
			);
			runOnlyForDeploymentPostprocessing = 0;
		};
/* End PBXFrameworksBuildPhase section */

/* Begin PBXGroup section */
		067763811D6B3CC7003F615E = {
			isa = PBXGroup;
			children = (
				0677638C1D6B3CC7003F615E /* SLD */,
				0677638B1D6B3CC7003F615E /* Products */,
			);
			sourceTree = "<group>";
		};
		0677638B1D6B3CC7003F615E /* Products */ = {
			isa = PBXGroup;
			children = (
				0677638A1D6B3CC7003F615E /* SLD.app */,
			);
			name = Products;
			sourceTree = "<group>";
		};
		0677638C1D6B3CC7003F615E /* SLD */ = {
			isa = PBXGroup;
			children = (
				0677638D1D6B3CC7003F615E /* AppDelegate.swift */,
				0677638F1D6B3CC7003F615E /* ViewController.swift */,
				067763911D6B3CC7003F615E /* Main.storyboard */,
				067763941D6B3CC7003F615E /* Assets.xcassets */,
				067763961D6B3CC7003F615E /* LaunchScreen.storyboard */,
				067763991D6B3CC7003F615E /* Info.plist */,
			);
			path = SLD;
			sourceTree = "<group>";
		};
/* End PBXGroup section */

/* Begin PBXNativeTarget section */
		067763891D6B3CC7003F615E /* SLD */ = {
			isa = PBXNativeTarget;
			buildConfigurationList = 0677639C1D6B3CC7003F615E /* Build configuration list for PBXNativeTarget "SLD" */;
			buildPhases = (
				067763861D6B3CC7003F615E /* Sources */,
				067763871D6B3CC7003F615E /* Frameworks */,
				067763881D6B3CC7003F615E /* Resources */,
			);
			buildRules = (
			);
			dependencies = (
			);
			name = SLD;
			productName = SLD;
			productReference = 0677638A1D6B3CC7003F615E /* SLD.app */;
			productType = "com.apple.product-type.application";
		};
/* End PBXNativeTarget section */

/* Begin PBXProject section */
		067763821D6B3CC7003F615E /* Project object */ = {
			isa = PBXProject;
			attributes = {
				LastSwiftUpdateCheck = 0730;
				LastUpgradeCheck = 0730;
				ORGANIZATIONNAME = g;
				TargetAttributes = {
					067763891D6B3CC7003F615E = {
						CreatedOnToolsVersion = 7.3.1;
					};
				};
			};
			buildConfigurationList = 067763851D6B3CC7003F615E /* Build configuration list for PBXProject "SLD" */;
			compatibilityVersion = "Xcode 3.2";
			developmentRegion = English;
			hasScannedForEncodings = 0;
			knownRegions = (
				en,
				Base,
			);
			mainGroup = 067763811D6B3CC7003F615E;
			productRefGroup = 0677638B1D6B3CC7003F615E /* Products */;
			projectDirPath = "";
			projectRoot = "";
			targets = (
				067763891D6B3CC7003F615E /* SLD */,
			);
		};
/* End PBXProject section */

/* Begin PBXResourcesBuildPhase section */
		067763881D6B3CC7003F615E /* Resources */ = {
			isa = PBXResourcesBuildPhase;
			buildActionMask = 2147483647;
			files = (
				067763981D6B3CC7003F615E /* LaunchScreen.storyboard in Resources */,
				067763951D6B3CC7003F615E /* Assets.xcassets in Resources */,
				067763931D6B3CC7003F615E /* Main.storyboard in Resources */,
			);
			runOnlyForDeploymentPostprocessing = 0;
		};
/* End PBXResourcesBuildPhase section */

/* Begin PBXSourcesBuildPhase section */
		067763861D6B3CC7003F615E /* Sources */ = {
			isa = PBXSourcesBuildPhase;
			buildActionMask = 2147483647;
			files = (
				067763901D6B3CC7003F615E /* ViewController.swift in Sources */,
				0677638E1D6B3CC7003F615E /* AppDelegate.swift in Sources */,
			);
			runOnlyForDeploymentPostprocessing = 0;
		};
/* End PBXSourcesBuildPhase section */

/* Begin PBXVariantGroup section */
		067763911D6B3CC7003F615E /* Main.storyboard */ = {
			isa = PBXVariantGroup;
			children = (
				067763921D6B3CC7003F615E /* Base */,
			);
			name = Main.storyboard;
			sourceTree = "<group>";
		};
		067763961D6B3CC7003F615E /* LaunchScreen.storyboard */ = {
			isa = PBXVariantGroup;
			children = (
				067763971D6B3CC7003F615E /* Base */,
			);
			name = LaunchScreen.storyboard;
			sourceTree = "<group>";
		};
/* End PBXVariantGroup section */

/* Begin XCBuildConfiguration section */
		0677639A1D6B3CC7003F615E /* Debug */ = {
			isa = XCBuildConfiguration;
			buildSettings = {
				ALWAYS_SEARCH_USER_PATHS = NO;
				CLANG_ANALYZER_NONNULL = YES;
				CLANG_CXX_LANGUAGE_STANDARD = "gnu++0x";
				CLANG_CXX_LIBRARY = "libc++";
				CLANG_ENABLE_MODULES = YES;
				CLANG_ENABLE_OBJC_ARC = YES;
				CLANG_WARN_BOOL_CONVERSION = YES;
				CLANG_WARN_CONSTANT_CONVERSION = YES;
				CLANG_WARN_DIRECT_OBJC_ISA_USAGE = YES_ERROR;
				CLANG_WARN_EMPTY_BODY = YES;
				CLANG_WARN_ENUM_CONVERSION = YES;
				CLANG_WARN_INT_CONVERSION = YES;
				CLANG_WARN_OBJC_ROOT_CLASS = YES_ERROR;
				CLANG_WARN_UNREACHABLE_CODE = YES;
				CLANG_WARN__DUPLICATE_METHOD_MATCH = YES;
				"CODE_SIGN_IDENTITY[sdk=iphoneos*]" = "iPhone Developer";
				COPY_PHASE_STRIP = NO;
				DEBUG_INFORMATION_FORMAT = dwarf;
				ENABLE_STRICT_OBJC_MSGSEND = YES;
				ENABLE_TESTABILITY = YES;
				GCC_C_LANGUAGE_STANDARD = gnu99;
				GCC_DYNAMIC_NO_PIC = NO;
				GCC_NO_COMMON_BLOCKS = YES;
				GCC_OPTIMIZATION_LEVEL = 0;
				GCC_PREPROCESSOR_DEFINITIONS = (
					"DEBUG=1",
					"$(inherited)",
				);
				GCC_WARN_64_TO_32_BIT_CONVERSION = YES;
				GCC_WARN_ABOUT_RETURN_TYPE = YES_ERROR;
				GCC_WARN_UNDECLARED_SELECTOR = YES;
				GCC_WARN_UNINITIALIZED_AUTOS = YES_AGGRESSIVE;
				GCC_WARN_UNUSED_FUNCTION = YES;
				GCC_WARN_UNUSED_VARIABLE = YES;
				IPHONEOS_DEPLOYMENT_TARGET = 9.3;
				MTL_ENABLE_DEBUG_INFO = YES;
				ONLY_ACTIVE_ARCH = YES;
				SDKROOT = iphoneos;
				SWIFT_OPTIMIZATION_LEVEL = "-Onone";
				TARGETED_DEVICE_FAMILY = "1,2";
			};
			name = Debug;
		};
		0677639B1D6B3CC7003F615E /* Release */ = {
			isa = XCBuildConfiguration;
			buildSettings = {
				ALWAYS_SEARCH_USER_PATHS = NO;
				CLANG_ANALYZER_NONNULL = YES;
				CLANG_CXX_LANGUAGE_STANDARD = "gnu++0x";
				CLANG_CXX_LIBRARY = "libc++";
				CLANG_ENABLE_MODULES = YES;
				CLANG_ENABLE_OBJC_ARC = YES;
				CLANG_WARN_BOOL_CONVERSION = YES;
				CLANG_WARN_CONSTANT_CONVERSION = YES;
				CLANG_WARN_DIRECT_OBJC_ISA_USAGE = YES_ERROR;
				CLANG_WARN_EMPTY_BODY = YES;
				CLANG_WARN_ENUM_CONVERSION = YES;
				CLANG_WARN_INT_CONVERSION = YES;
				CLANG_WARN_OBJC_ROOT_CLASS = YES_ERROR;
				CLANG_WARN_UNREACHABLE_CODE = YES;
				CLANG_WARN__DUPLICATE_METHOD_MATCH = YES;
				"CODE_SIGN_IDENTITY[sdk=iphoneos*]" = "iPhone Developer";
				COPY_PHASE_STRIP = NO;
				DEBUG_INFORMATION_FORMAT = "dwarf-with-dsym";
				ENABLE_NS_ASSERTIONS = NO;
				ENABLE_STRICT_OBJC_MSGSEND = YES;
				GCC_C_LANGUAGE_STANDARD = gnu99;
				GCC_NO_COMMON_BLOCKS = YES;
				GCC_WARN_64_TO_32_BIT_CONVERSION = YES;
				GCC_WARN_ABOUT_RETURN_TYPE = YES_ERROR;
				GCC_WARN_UNDECLARED_SELECTOR = YES;
				GCC_WARN_UNINITIALIZED_AUTOS = YES_AGGRESSIVE;
				GCC_WARN_UNUSED_FUNCTION = YES;
				GCC_WARN_UNUSED_VARIABLE = YES;
				IPHONEOS_DEPLOYMENT_TARGET = 9.3;
				MTL_ENABLE_DEBUG_INFO = NO;
				SDKROOT = iphoneos;
				TARGETED_DEVICE_FAMILY = "1,2";
				VALIDATE_PRODUCT = YES;
			};
			name = Release;
		};
		0677639D1D6B3CC7003F615E /* Debug */ = {
			isa = XCBuildConfiguration;
			buildSettings = {
				ASSETCATALOG_COMPILER_APPICON_NAME = AppIcon;
				INFOPLIST_FILE = SLD/Info.plist;
				LD_RUNPATH_SEARCH_PATHS = "$(inherited) @executable_path/Frameworks";
				PRODUCT_BUNDLE_IDENTIFIER = com.gakaki.SLD;
				PRODUCT_NAME = "$(TARGET_NAME)";
			};
			name = Debug;
		};
		0677639E1D6B3CC7003F615E /* Release */ = {
			isa = XCBuildConfiguration;
			buildSettings = {
				ASSETCATALOG_COMPILER_APPICON_NAME = AppIcon;
				INFOPLIST_FILE = SLD/Info.plist;
				LD_RUNPATH_SEARCH_PATHS = "$(inherited) @executable_path/Frameworks";
				PRODUCT_BUNDLE_IDENTIFIER = com.gakaki.SLD;
				PRODUCT_NAME = "$(TARGET_NAME)";
			};
			name = Release;
		};
/* End XCBuildConfiguration section */

/* Begin XCConfigurationList section */
		067763851D6B3CC7003F615E /* Build configuration list for PBXProject "SLD" */ = {
			isa = XCConfigurationList;
			buildConfigurations = (
				0677639A1D6B3CC7003F615E /* Debug */,
				0677639B1D6B3CC7003F615E /* Release */,
			);
			defaultConfigurationIsVisible = 0;
			defaultConfigurationName = Release;
		};
		0677639C1D6B3CC7003F615E /* Build configuration list for PBXNativeTarget "SLD" */ = {
			isa = XCConfigurationList;
			buildConfigurations = (
				0677639D1D6B3CC7003F615E /* Debug */,
				0677639E1D6B3CC7003F615E /* Release */,
			);
			defaultConfigurationIsVisible = 0;
		};
/* End XCConfigurationList section */
	};
	rootObject = 067763821D6B3CC7003F615E /* Project object */;
}
